
Microsoft Visual Studio Solution File, Format Version 12.00
# Visual Studio Version 17
VisualStudioVersion = 17.12.35527.113 d17.12
MinimumVisualStudioVersion = 10.0.40219.1
Project("{FAE04EC0-301F-11D3-BF4B-00C04F79EFBC}") = "demo-notes-4", "demo-notes-4\demo-notes-4.csproj", "{04A0F528-0041-436B-A90E-7901A65542A2}"
EndProject
Global
	GlobalSection(SolutionConfigurationPlatforms) = preSolution
		Debug|Any CPU = Debug|Any CPU
		Release|Any CPU = Release|Any CPU
	EndGlobalSection
	GlobalSection(ProjectConfigurationPlatforms) = postSolution
		{04A0F528-0041-436B-A90E-7901A65542A2}.Debug|Any CPU.ActiveCfg = Debug|Any CPU
		{04A0F528-0041-436B-A90E-7901A65542A2}.Debug|Any CPU.Build.0 = Debug|Any CPU
		{04A0F528-0041-436B-A90E-7901A65542A2}.Release|Any CPU.ActiveCfg = Release|Any CPU
		{04A0F528-0041-436B-A90E-7901A65542A2}.Release|Any CPU.Build.0 = Release|Any CPU
	EndGlobalSection
	GlobalSection(SolutionProperties) = preSolution
		HideSolutionNode = FALSE
	EndGlobalSection
EndGlobal
